
Microsoft Visual Studio Solution File, Format Version 12.00
# Visual Studio Version 16
VisualStudioVersion = 16.0.29424.173
MinimumVisualStudioVersion = 10.0.40219.1
Project("{9A19103F-16F7-4668-BE54-9A1E7A4F7556}") = "Transfermarkt.WebAPI", "Transfermarkt.WebAPI\Transfermarkt.WebAPI.csproj", "{BC4A869F-9597-4CF0-9EDF-68AC641E5720}"
EndProject
Project("{2150E333-8FDC-42A3-9474-1A3956D46DE8}") = "UI", "UI", "{64CAFB9A-9F2A-461E-8CE5-D2B61FCBCC03}"
EndProject
Project("{FAE04EC0-301F-11D3-BF4B-00C04F79EFBC}") = "Transfermarkt.WinUI", "Transfermarkt.WinUI\Transfermarkt.WinUI.csproj", "{5BB62216-741A-41F3-8F89-96D242EE5151}"
EndProject
Project("{9A19103F-16F7-4668-BE54-9A1E7A4F7556}") = "Transfermarkt.Models", "Transfermarkt.Models\Transfermarkt.Models.csproj", "{877E40C5-EE9F-4C34-BFAF-340910E3B509}"
EndProject
Project("{2150E333-8FDC-42A3-9474-1A3956D46DE8}") = "Transfermarkt.Mobile", "Transfermarkt.Mobile", "{8AA86CF2-04E7-40F5-BB02-EB88E662A191}"
EndProject
Project("{FAE04EC0-301F-11D3-BF4B-00C04F79EFBC}") = "Transfermarkt.MobileApp.UWP", "Transfermarkt.MobileApp\Transfermarkt.MobileApp.UWP\Transfermarkt.MobileApp.UWP.csproj", "{0FE117FC-8E77-458A-8809-C7F8ED7AA5FC}"
EndProject
Project("{9A19103F-16F7-4668-BE54-9A1E7A4F7556}") = "Transfermarkt.MobileApp", "Transfermarkt.MobileApp\Transfermarkt.MobileApp\Transfermarkt.MobileApp.csproj", "{D428176B-FAA4-4590-A542-BAF90111DF2E}"
EndProject
Global
	GlobalSection(SolutionConfigurationPlatforms) = preSolution
		Debug|Any CPU = Debug|Any CPU
		Debug|ARM = Debug|ARM
		Debug|iPhone = Debug|iPhone
		Debug|iPhoneSimulator = Debug|iPhoneSimulator
		Debug|x64 = Debug|x64
		Debug|x86 = Debug|x86
		Release|Any CPU = Release|Any CPU
		Release|ARM = Release|ARM
		Release|iPhone = Release|iPhone
		Release|iPhoneSimulator = Release|iPhoneSimulator
		Release|x64 = Release|x64
		Release|x86 = Release|x86
	EndGlobalSection
	GlobalSection(ProjectConfigurationPlatforms) = postSolution
		{BC4A869F-9597-4CF0-9EDF-68AC641E5720}.Debug|Any CPU.ActiveCfg = Debug|Any CPU
		{BC4A869F-9597-4CF0-9EDF-68AC641E5720}.Debug|Any CPU.Build.0 = Debug|Any CPU
		{BC4A869F-9597-4CF0-9EDF-68AC641E5720}.Debug|ARM.ActiveCfg = Debug|Any CPU
		{BC4A869F-9597-4CF0-9EDF-68AC641E5720}.Debug|ARM.Build.0 = Debug|Any CPU
		{BC4A869F-9597-4CF0-9EDF-68AC641E5720}.Debug|iPhone.ActiveCfg = Debug|Any CPU
		{BC4A869F-9597-4CF0-9EDF-68AC641E5720}.Debug|iPhone.Build.0 = Debug|Any CPU
		{BC4A869F-9597-4CF0-9EDF-68AC641E5720}.Debug|iPhoneSimulator.ActiveCfg = Debug|Any CPU
		{BC4A869F-9597-4CF0-9EDF-68AC641E5720}.Debug|iPhoneSimulator.Build.0 = Debug|Any CPU
		{BC4A869F-9597-4CF0-9EDF-68AC641E5720}.Debug|x64.ActiveCfg = Debug|Any CPU
		{BC4A869F-9597-4CF0-9EDF-68AC641E5720}.Debug|x64.Build.0 = Debug|Any CPU
		{BC4A869F-9597-4CF0-9EDF-68AC641E5720}.Debug|x86.ActiveCfg = Debug|Any CPU
		{BC4A869F-9597-4CF0-9EDF-68AC641E5720}.Debug|x86.Build.0 = Debug|Any CPU
		{BC4A869F-9597-4CF0-9EDF-68AC641E5720}.Release|Any CPU.ActiveCfg = Release|Any CPU
		{BC4A869F-9597-4CF0-9EDF-68AC641E5720}.Release|Any CPU.Build.0 = Release|Any CPU
		{BC4A869F-9597-4CF0-9EDF-68AC641E5720}.Release|ARM.ActiveCfg = Release|Any CPU
		{BC4A869F-9597-4CF0-9EDF-68AC641E5720}.Release|ARM.Build.0 = Release|Any CPU
		{BC4A869F-9597-4CF0-9EDF-68AC641E5720}.Release|iPhone.ActiveCfg = Release|Any CPU
		{BC4A869F-9597-4CF0-9EDF-68AC641E5720}.Release|iPhone.Build.0 = Release|Any CPU
		{BC4A869F-9597-4CF0-9EDF-68AC641E5720}.Release|iPhoneSimulator.ActiveCfg = Release|Any CPU
		{BC4A869F-9597-4CF0-9EDF-68AC641E5720}.Release|iPhoneSimulator.Build.0 = Release|Any CPU
		{BC4A869F-9597-4CF0-9EDF-68AC641E5720}.Release|x64.ActiveCfg = Release|Any CPU
		{BC4A869F-9597-4CF0-9EDF-68AC641E5720}.Release|x64.Build.0 = Release|Any CPU
		{BC4A869F-9597-4CF0-9EDF-68AC641E5720}.Release|x86.ActiveCfg = Release|Any CPU
		{BC4A869F-9597-4CF0-9EDF-68AC641E5720}.Release|x86.Build.0 = Release|Any CPU
		{5BB62216-741A-41F3-8F89-96D242EE5151}.Debug|Any CPU.ActiveCfg = Debug|Any CPU
		{5BB62216-741A-41F3-8F89-96D242EE5151}.Debug|Any CPU.Build.0 = Debug|Any CPU
		{5BB62216-741A-41F3-8F89-96D242EE5151}.Debug|ARM.ActiveCfg = Debug|Any CPU
		{5BB62216-741A-41F3-8F89-96D242EE5151}.Debug|ARM.Build.0 = Debug|Any CPU
		{5BB62216-741A-41F3-8F89-96D242EE5151}.Debug|iPhone.ActiveCfg = Debug|Any CPU
		{5BB62216-741A-41F3-8F89-96D242EE5151}.Debug|iPhone.Build.0 = Debug|Any CPU
		{5BB62216-741A-41F3-8F89-96D242EE5151}.Debug|iPhoneSimulator.ActiveCfg = Debug|Any CPU
		{5BB62216-741A-41F3-8F89-96D242EE5151}.Debug|iPhoneSimulator.Build.0 = Debug|Any CPU
		{5BB62216-741A-41F3-8F89-96D242EE5151}.Debug|x64.ActiveCfg = Debug|Any CPU
		{5BB62216-741A-41F3-8F89-96D242EE5151}.Debug|x64.Build.0 = Debug|Any CPU
		{5BB62216-741A-41F3-8F89-96D242EE5151}.Debug|x86.ActiveCfg = Debug|Any CPU
		{5BB62216-741A-41F3-8F89-96D242EE5151}.Debug|x86.Build.0 = Debug|Any CPU
		{5BB62216-741A-41F3-8F89-96D242EE5151}.Release|Any CPU.ActiveCfg = Release|Any CPU
		{5BB62216-741A-41F3-8F89-96D242EE5151}.Release|Any CPU.Build.0 = Release|Any CPU
		{5BB62216-741A-41F3-8F89-96D242EE5151}.Release|ARM.ActiveCfg = Release|Any CPU
		{5BB62216-741A-41F3-8F89-96D242EE5151}.Release|ARM.Build.0 = Release|Any CPU
		{5BB62216-741A-41F3-8F89-96D242EE5151}.Release|iPhone.ActiveCfg = Release|Any CPU
		{5BB62216-741A-41F3-8F89-96D242EE5151}.Release|iPhone.Build.0 = Release|Any CPU
		{5BB62216-741A-41F3-8F89-96D242EE5151}.Release|iPhoneSimulator.ActiveCfg = Release|Any CPU
		{5BB62216-741A-41F3-8F89-96D242EE5151}.Release|iPhoneSimulator.Build.0 = Release|Any CPU
		{5BB62216-741A-41F3-8F89-96D242EE5151}.Release|x64.ActiveCfg = Release|Any CPU
		{5BB62216-741A-41F3-8F89-96D242EE5151}.Release|x64.Build.0 = Release|Any CPU
		{5BB62216-741A-41F3-8F89-96D242EE5151}.Release|x86.ActiveCfg = Release|Any CPU
		{5BB62216-741A-41F3-8F89-96D242EE5151}.Release|x86.Build.0 = Release|Any CPU
		{877E40C5-EE9F-4C34-BFAF-340910E3B509}.Debug|Any CPU.ActiveCfg = Debug|Any CPU
		{877E40C5-EE9F-4C34-BFAF-340910E3B509}.Debug|Any CPU.Build.0 = Debug|Any CPU
		{877E40C5-EE9F-4C34-BFAF-340910E3B509}.Debug|ARM.ActiveCfg = Debug|Any CPU
		{877E40C5-EE9F-4C34-BFAF-340910E3B509}.Debug|ARM.Build.0 = Debug|Any CPU
		{877E40C5-EE9F-4C34-BFAF-340910E3B509}.Debug|iPhone.ActiveCfg = Debug|Any CPU
		{877E40C5-EE9F-4C34-BFAF-340910E3B509}.Debug|iPhone.Build.0 = Debug|Any CPU
		{877E40C5-EE9F-4C34-BFAF-340910E3B509}.Debug|iPhoneSimulator.ActiveCfg = Debug|Any CPU
		{877E40C5-EE9F-4C34-BFAF-340910E3B509}.Debug|iPhoneSimulator.Build.0 = Debug|Any CPU
		{877E40C5-EE9F-4C34-BFAF-340910E3B509}.Debug|x64.ActiveCfg = Debug|Any CPU
		{877E40C5-EE9F-4C34-BFAF-340910E3B509}.Debug|x64.Build.0 = Debug|Any CPU
		{877E40C5-EE9F-4C34-BFAF-340910E3B509}.Debug|x86.ActiveCfg = Debug|Any CPU
		{877E40C5-EE9F-4C34-BFAF-340910E3B509}.Debug|x86.Build.0 = Debug|Any CPU
		{877E40C5-EE9F-4C34-BFAF-340910E3B509}.Release|Any CPU.ActiveCfg = Release|Any CPU
		{877E40C5-EE9F-4C34-BFAF-340910E3B509}.Release|Any CPU.Build.0 = Release|Any CPU
		{877E40C5-EE9F-4C34-BFAF-340910E3B509}.Release|ARM.ActiveCfg = Release|Any CPU
		{877E40C5-EE9F-4C34-BFAF-340910E3B509}.Release|ARM.Build.0 = Release|Any CPU
		{877E40C5-EE9F-4C34-BFAF-340910E3B509}.Release|iPhone.ActiveCfg = Release|Any CPU
		{877E40C5-EE9F-4C34-BFAF-340910E3B509}.Release|iPhone.Build.0 = Release|Any CPU
		{877E40C5-EE9F-4C34-BFAF-340910E3B509}.Release|iPhoneSimulator.ActiveCfg = Release|Any CPU
		{877E40C5-EE9F-4C34-BFAF-340910E3B509}.Release|iPhoneSimulator.Build.0 = Release|Any CPU
		{877E40C5-EE9F-4C34-BFAF-340910E3B509}.Release|x64.ActiveCfg = Release|Any CPU
		{877E40C5-EE9F-4C34-BFAF-340910E3B509}.Release|x64.Build.0 = Release|Any CPU
		{877E40C5-EE9F-4C34-BFAF-340910E3B509}.Release|x86.ActiveCfg = Release|Any CPU
		{877E40C5-EE9F-4C34-BFAF-340910E3B509}.Release|x86.Build.0 = Release|Any CPU
		{0FE117FC-8E77-458A-8809-C7F8ED7AA5FC}.Debug|Any CPU.ActiveCfg = Debug|x86
		{0FE117FC-8E77-458A-8809-C7F8ED7AA5FC}.Debug|Any CPU.Build.0 = Debug|x86
		{0FE117FC-8E77-458A-8809-C7F8ED7AA5FC}.Debug|Any CPU.Deploy.0 = Debug|x86
		{0FE117FC-8E77-458A-8809-C7F8ED7AA5FC}.Debug|ARM.ActiveCfg = Debug|ARM
		{0FE117FC-8E77-458A-8809-C7F8ED7AA5FC}.Debug|ARM.Build.0 = Debug|ARM
		{0FE117FC-8E77-458A-8809-C7F8ED7AA5FC}.Debug|ARM.Deploy.0 = Debug|ARM
		{0FE117FC-8E77-458A-8809-C7F8ED7AA5FC}.Debug|iPhone.ActiveCfg = Debug|x86
		{0FE117FC-8E77-458A-8809-C7F8ED7AA5FC}.Debug|iPhoneSimulator.ActiveCfg = Debug|x86
		{0FE117FC-8E77-458A-8809-C7F8ED7AA5FC}.Debug|x64.ActiveCfg = Debug|x64
		{0FE117FC-8E77-458A-8809-C7F8ED7AA5FC}.Debug|x64.Build.0 = Debug|x64
		{0FE117FC-8E77-458A-8809-C7F8ED7AA5FC}.Debug|x64.Deploy.0 = Debug|x64
		{0FE117FC-8E77-458A-8809-C7F8ED7AA5FC}.Debug|x86.ActiveCfg = Debug|x86
		{0FE117FC-8E77-458A-8809-C7F8ED7AA5FC}.Debug|x86.Build.0 = Debug|x86
		{0FE117FC-8E77-458A-8809-C7F8ED7AA5FC}.Debug|x86.Deploy.0 = Debug|x86
		{0FE117FC-8E77-458A-8809-C7F8ED7AA5FC}.Release|Any CPU.ActiveCfg = Release|x86
		{0FE117FC-8E77-458A-8809-C7F8ED7AA5FC}.Release|ARM.ActiveCfg = Release|ARM
		{0FE117FC-8E77-458A-8809-C7F8ED7AA5FC}.Release|ARM.Build.0 = Release|ARM
		{0FE117FC-8E77-458A-8809-C7F8ED7AA5FC}.Release|ARM.Deploy.0 = Release|ARM
		{0FE117FC-8E77-458A-8809-C7F8ED7AA5FC}.Release|iPhone.ActiveCfg = Release|x86
		{0FE117FC-8E77-458A-8809-C7F8ED7AA5FC}.Release|iPhoneSimulator.ActiveCfg = Release|x86
		{0FE117FC-8E77-458A-8809-C7F8ED7AA5FC}.Release|x64.ActiveCfg = Release|x64
		{0FE117FC-8E77-458A-8809-C7F8ED7AA5FC}.Release|x64.Build.0 = Release|x64
		{0FE117FC-8E77-458A-8809-C7F8ED7AA5FC}.Release|x64.Deploy.0 = Release|x64
		{0FE117FC-8E77-458A-8809-C7F8ED7AA5FC}.Release|x86.ActiveCfg = Release|x86
		{0FE117FC-8E77-458A-8809-C7F8ED7AA5FC}.Release|x86.Build.0 = Release|x86
		{0FE117FC-8E77-458A-8809-C7F8ED7AA5FC}.Release|x86.Deploy.0 = Release|x86
		{D428176B-FAA4-4590-A542-BAF90111DF2E}.Debug|Any CPU.ActiveCfg = Debug|Any CPU
		{D428176B-FAA4-4590-A542-BAF90111DF2E}.Debug|Any CPU.Build.0 = Debug|Any CPU
		{D428176B-FAA4-4590-A542-BAF90111DF2E}.Debug|ARM.ActiveCfg = Debug|Any CPU
		{D428176B-FAA4-4590-A542-BAF90111DF2E}.Debug|ARM.Build.0 = Debug|Any CPU
		{D428176B-FAA4-4590-A542-BAF90111DF2E}.Debug|iPhone.ActiveCfg = Debug|Any CPU
		{D428176B-FAA4-4590-A542-BAF90111DF2E}.Debug|iPhone.Build.0 = Debug|Any CPU
		{D428176B-FAA4-4590-A542-BAF90111DF2E}.Debug|iPhoneSimulator.ActiveCfg = Debug|Any CPU
		{D428176B-FAA4-4590-A542-BAF90111DF2E}.Debug|iPhoneSimulator.Build.0 = Debug|Any CPU
		{D428176B-FAA4-4590-A542-BAF90111DF2E}.Debug|x64.ActiveCfg = Debug|Any CPU
		{D428176B-FAA4-4590-A542-BAF90111DF2E}.Debug|x64.Build.0 = Debug|Any CPU
		{D428176B-FAA4-4590-A542-BAF90111DF2E}.Debug|x86.ActiveCfg = Debug|Any CPU
		{D428176B-FAA4-4590-A542-BAF90111DF2E}.Debug|x86.Build.0 = Debug|Any CPU
		{D428176B-FAA4-4590-A542-BAF90111DF2E}.Release|Any CPU.ActiveCfg = Release|Any CPU
		{D428176B-FAA4-4590-A542-BAF90111DF2E}.Release|Any CPU.Build.0 = Release|Any CPU
		{D428176B-FAA4-4590-A542-BAF90111DF2E}.Release|ARM.ActiveCfg = Release|Any CPU
		{D428176B-FAA4-4590-A542-BAF90111DF2E}.Release|ARM.Build.0 = Release|Any CPU
		{D428176B-FAA4-4590-A542-BAF90111DF2E}.Release|iPhone.ActiveCfg = Release|Any CPU
		{D428176B-FAA4-4590-A542-BAF90111DF2E}.Release|iPhone.Build.0 = Release|Any CPU
		{D428176B-FAA4-4590-A542-BAF90111DF2E}.Release|iPhoneSimulator.ActiveCfg = Release|Any CPU
		{D428176B-FAA4-4590-A542-BAF90111DF2E}.Release|iPhoneSimulator.Build.0 = Release|Any CPU
		{D428176B-FAA4-4590-A542-BAF90111DF2E}.Release|x64.ActiveCfg = Release|Any CPU
		{D428176B-FAA4-4590-A542-BAF90111DF2E}.Release|x64.Build.0 = Release|Any CPU
		{D428176B-FAA4-4590-A542-BAF90111DF2E}.Release|x86.ActiveCfg = Release|Any CPU
		{D428176B-FAA4-4590-A542-BAF90111DF2E}.Release|x86.Build.0 = Release|Any CPU
	EndGlobalSection
	GlobalSection(SolutionProperties) = preSolution
		HideSolutionNode = FALSE
	EndGlobalSection
	GlobalSection(NestedProjects) = preSolution
		{5BB62216-741A-41F3-8F89-96D242EE5151} = {64CAFB9A-9F2A-461E-8CE5-D2B61FCBCC03}
		{8AA86CF2-04E7-40F5-BB02-EB88E662A191} = {64CAFB9A-9F2A-461E-8CE5-D2B61FCBCC03}
		{0FE117FC-8E77-458A-8809-C7F8ED7AA5FC} = {8AA86CF2-04E7-40F5-BB02-EB88E662A191}
		{D428176B-FAA4-4590-A542-BAF90111DF2E} = {8AA86CF2-04E7-40F5-BB02-EB88E662A191}
	EndGlobalSection
	GlobalSection(ExtensibilityGlobals) = postSolution
		SolutionGuid = {6ECC9FC1-3217-45F5-AFA9-270F4D9A8B78}
	EndGlobalSection
EndGlobal
